
Microsoft Visual Studio Solution File, Format Version 12.00
# Visual Studio Version 17
VisualStudioVersion = 17.5.002.0
MinimumVisualStudioVersion = 10.0.40219.1
Project("{9A19103F-16F7-4668-BE54-9A1E7A4F7556}") = "simple-game-programming-warm-up-russk14", "simple-game-programming-warm-up-russk14.csproj", "{358DC6B7-726D-46E1-8023-06788FDA0EDA}"
EndProject
Global
	GlobalSection(SolutionConfigurationPlatforms) = preSolution
		Debug|Any CPU = Debug|Any CPU
		Release|Any CPU = Release|Any CPU
	EndGlobalSection
	GlobalSection(ProjectConfigurationPlatforms) = postSolution
		{358DC6B7-726D-46E1-8023-06788FDA0EDA}.Debug|Any CPU.ActiveCfg = Debug|Any CPU
		{358DC6B7-726D-46E1-8023-06788FDA0EDA}.Debug|Any CPU.Build.0 = Debug|Any CPU
		{358DC6B7-726D-46E1-8023-06788FDA0EDA}.Release|Any CPU.ActiveCfg = Release|Any CPU
		{358DC6B7-726D-46E1-8023-06788FDA0EDA}.Release|Any CPU.Build.0 = Release|Any CPU
	EndGlobalSection
	GlobalSection(SolutionProperties) = preSolution
		HideSolutionNode = FALSE
	EndGlobalSection
	GlobalSection(ExtensibilityGlobals) = postSolution
		SolutionGuid = {B499939A-EC16-42C6-9D17-EC2EAA25C701}
	EndGlobalSection
EndGlobal
